
Microsoft Visual Studio Solution File, Format Version 12.00
# Visual Studio Version 17
VisualStudioVersion = 17.10.35122.118
MinimumVisualStudioVersion = 10.0.40219.1
Project("{FAE04EC0-301F-11D3-BF4B-00C04F79EFBC}") = "Stacks_Heath_Karter", "Stacks_Heath_Karter\Stacks_Heath_Karter.csproj", "{0383551F-9D20-492A-9498-63D14CF8603B}"
EndProject
Global
	GlobalSection(SolutionConfigurationPlatforms) = preSolution
		Debug|Any CPU = Debug|Any CPU
		Release|Any CPU = Release|Any CPU
	EndGlobalSection
	GlobalSection(ProjectConfigurationPlatforms) = postSolution
		{0383551F-9D20-492A-9498-63D14CF8603B}.Debug|Any CPU.ActiveCfg = Debug|Any CPU
		{0383551F-9D20-492A-9498-63D14CF8603B}.Debug|Any CPU.Build.0 = Debug|Any CPU
		{0383551F-9D20-492A-9498-63D14CF8603B}.Release|Any CPU.ActiveCfg = Release|Any CPU
		{0383551F-9D20-492A-9498-63D14CF8603B}.Release|Any CPU.Build.0 = Release|Any CPU
	EndGlobalSection
	GlobalSection(SolutionProperties) = preSolution
		HideSolutionNode = FALSE
	EndGlobalSection
	GlobalSection(ExtensibilityGlobals) = postSolution
		SolutionGuid = {3D37A9C8-4683-48D0-B749-94811D41F7A8}
	EndGlobalSection
EndGlobal
